
Microsoft Visual Studio Solution File, Format Version 11.00
# Visual Studio 2010
Project("{FAE04EC0-301F-11D3-BF4B-00C04F79EFBC}") = "Moyeu", "Moyeu\Moyeu.csproj", "{12143BA7-FFC5-4E11-8B31-89A96247F504}"
EndProject
Project("{FAE04EC0-301F-11D3-BF4B-00C04F79EFBC}") = "MoyeuWear", "MoyeuWear\MoyeuWear.csproj", "{3B2CA08D-AF1C-4427-BB29-A6E0A5ECB064}"
EndProject
Project("{FAE04EC0-301F-11D3-BF4B-00C04F79EFBC}") = "MoyeuTests", "MoyeuTests\MoyeuTests.csproj", "{71FD3927-460A-4BCC-AB43-0B8C11E63B91}"
EndProject
Project("{FAE04EC0-301F-11D3-BF4B-00C04F79EFBC}") = "HtmlParserSharp", "HtmlParserSharp\HtmlParserSharp.csproj", "{63AFF4BB-171A-4295-A87E-C5A7D6A06E10}"
EndProject
Global
	GlobalSection(SolutionConfigurationPlatforms) = preSolution
		Debug|Any CPU = Debug|Any CPU
		Release|Any CPU = Release|Any CPU
	EndGlobalSection
	GlobalSection(ProjectConfigurationPlatforms) = postSolution
		{12143BA7-FFC5-4E11-8B31-89A96247F504}.Debug|Any CPU.ActiveCfg = Debug|Any CPU
		{12143BA7-FFC5-4E11-8B31-89A96247F504}.Debug|Any CPU.Build.0 = Debug|Any CPU
		{12143BA7-FFC5-4E11-8B31-89A96247F504}.Release|Any CPU.ActiveCfg = Release|Any CPU
		{12143BA7-FFC5-4E11-8B31-89A96247F504}.Release|Any CPU.Build.0 = Release|Any CPU
		{3B2CA08D-AF1C-4427-BB29-A6E0A5ECB064}.Debug|Any CPU.ActiveCfg = Debug|Any CPU
		{3B2CA08D-AF1C-4427-BB29-A6E0A5ECB064}.Debug|Any CPU.Build.0 = Debug|Any CPU
		{3B2CA08D-AF1C-4427-BB29-A6E0A5ECB064}.Release|Any CPU.ActiveCfg = Release|Any CPU
		{3B2CA08D-AF1C-4427-BB29-A6E0A5ECB064}.Release|Any CPU.Build.0 = Release|Any CPU
		{63AFF4BB-171A-4295-A87E-C5A7D6A06E10}.Debug|Any CPU.ActiveCfg = Debug|Any CPU
		{63AFF4BB-171A-4295-A87E-C5A7D6A06E10}.Debug|Any CPU.Build.0 = Debug|Any CPU
		{63AFF4BB-171A-4295-A87E-C5A7D6A06E10}.Release|Any CPU.ActiveCfg = Release|Any CPU
		{63AFF4BB-171A-4295-A87E-C5A7D6A06E10}.Release|Any CPU.Build.0 = Release|Any CPU
		{71FD3927-460A-4BCC-AB43-0B8C11E63B91}.Debug|Any CPU.ActiveCfg = Debug|Any CPU
		{71FD3927-460A-4BCC-AB43-0B8C11E63B91}.Debug|Any CPU.Build.0 = Debug|Any CPU
		{71FD3927-460A-4BCC-AB43-0B8C11E63B91}.Release|Any CPU.ActiveCfg = Release|Any CPU
		{71FD3927-460A-4BCC-AB43-0B8C11E63B91}.Release|Any CPU.Build.0 = Release|Any CPU
	EndGlobalSection
EndGlobal
